# THIS IS AN AUTOGENERATED FILE. DO NOT EDIT THIS FILE DIRECTLY.
# yarn lockfile v1


lodash.isplainobject@^4.0.6:
  version "4.0.6"
  resolved "https://registry.yarnpkg.com/lodash.isplainobject/-/lodash.isplainobject-4.0.6.tgz#7c526a52d89b45c45cc690b88163be0497f550cb"
  integrity sha1-fFJqUtibRcRcxpC4gWO+BJf1UMs=

qs@~6.5.1:
  version "6.5.2"
  resolved "https://registry.yarnpkg.com/qs/-/qs-6.5.2.tgz#cb3ae806e8740444584ef154ce8ee98d403f3e36"
  integrity sha512-N5ZAX4/LxJmF+7wN74pUD6qAh9/wnvdQcjq9TZjevvXzSUo7bfmw91saqMjzGS2xq91/odN2dW/WOl7qQHNDGA==

safe-buffer@^5.1.1:
  version "5.1.2"
  resolved "https://registry.yarnpkg.com/safe-buffer/-/safe-buffer-5.1.2.tgz#991ec69d296e0313747d59bdfd2b745c35f8828d"
  integrity sha512-Gd2UZBJDkXlY7GbJxfsE8/nvKkUEU1G38c1siN6QP6a9PT9MmHB8GnpscSmMJSoF8LOIrt8ud/wPtojys4G6+g==

stripe@^6.12.1:
  version "6.12.1"
  resolved "https://registry.yarnpkg.com/stripe/-/stripe-6.12.1.tgz#fbe74fefd99f256f0d713c97f6ff36221add8d27"
  integrity sha512-1zBx/ruJRWYaQYArld/Nju5+/1e+kx69XFfMpA6lB7yhGitTBlneA9KrHzmhb9geAoJmiUiXg+deKWyIf03wHA==
  dependencies:
    lodash.isplainobject "^4.0.6"
    qs "~6.5.1"
    safe-buffer "^5.1.1"
